
Microsoft Visual Studio Solution File, Format Version 11.00
# Visual Studio 2010
Project("{54435603-DBB4-11D2-8724-00A0C9A8B90C}") = "CADnanoSetup", "CADnanoSetup.vdproj", "{6916816C-97C0-4177-A188-61D549513663}"
EndProject
Project("{8BC9CEB8-8B4A-11D0-8D11-00A0C91BC942}") = "ConfigureMaya", "ConfigureMaya\ConfigureMaya.vcxproj", "{887D82E0-A28A-4BA8-A67A-5C27B3B42C0F}"
EndProject
Project("{54435603-DBB4-11D2-8724-00A0C9A8B90C}") = "PyQt-x86 (Maya)", "PyQt-x86\PyQt-x86.vdproj", "{993616AF-CB7B-4C67-A45F-5D12C5AFEFCA}"
EndProject
Project("{54435603-DBB4-11D2-8724-00A0C9A8B90C}") = "PyQt-x64 (Maya)", "PyQt-x64\PyQt-x64.vdproj", "{202B734F-4DBE-4A53-9A4C-9A76F097CE38}"
EndProject
Project("{54435603-DBB4-11D2-8724-00A0C9A8B90C}") = "CadNanoModule", "CadNanoModule\CadNanoModule.vdproj", "{A96966CD-15E6-49A1-A792-2304CAE16DDA}"
EndProject
Project("{54435603-DBB4-11D2-8724-00A0C9A8B90C}") = "CADnano-x86", "CADnano-x86\CADnano-x86.vdproj", "{A8D781B7-F199-4D17-BF22-58CB269E2B07}"
EndProject
Project("{54435603-DBB4-11D2-8724-00A0C9A8B90C}") = "CADnano-x64", "CADnano-x64\CADnano-x64.vdproj", "{C97E67DA-99D5-4D72-B543-29CB7411A869}"
EndProject
Project("{54435603-DBB4-11D2-8724-00A0C9A8B90C}") = "PyQt-x64 (Standard)", "PyQt-x64 (Standard)\PyQt-x64 (Standard).vdproj", "{0F32D8BE-063D-4E94-854E-2A98FDA71378}"
EndProject
Project("{54435603-DBB4-11D2-8724-00A0C9A8B90C}") = "PyQt-x86 (Standard)", "PyQt-x86 (Standard)\PyQt-x86 (Standard).vdproj", "{9CFD3E0E-940B-41D7-AB0F-C7C08347781D}"
EndProject
Global
	GlobalSection(SolutionConfigurationPlatforms) = preSolution
		Debug|Win32 = Debug|Win32
		Debug|x86 = Debug|x86
		Release|Win32 = Release|Win32
		Release|x86 = Release|x86
	EndGlobalSection
	GlobalSection(ProjectConfigurationPlatforms) = postSolution
		{6916816C-97C0-4177-A188-61D549513663}.Debug|Win32.ActiveCfg = Release
		{6916816C-97C0-4177-A188-61D549513663}.Debug|x86.ActiveCfg = Release
		{6916816C-97C0-4177-A188-61D549513663}.Release|Win32.ActiveCfg = Release
		{6916816C-97C0-4177-A188-61D549513663}.Release|x86.ActiveCfg = Release
		{887D82E0-A28A-4BA8-A67A-5C27B3B42C0F}.Debug|Win32.ActiveCfg = Release|Win32
		{887D82E0-A28A-4BA8-A67A-5C27B3B42C0F}.Debug|Win32.Build.0 = Release|Win32
		{887D82E0-A28A-4BA8-A67A-5C27B3B42C0F}.Debug|x86.ActiveCfg = Release|Win32
		{887D82E0-A28A-4BA8-A67A-5C27B3B42C0F}.Debug|x86.Build.0 = Release|Win32
		{887D82E0-A28A-4BA8-A67A-5C27B3B42C0F}.Release|Win32.ActiveCfg = Release|Win32
		{887D82E0-A28A-4BA8-A67A-5C27B3B42C0F}.Release|Win32.Build.0 = Release|Win32
		{887D82E0-A28A-4BA8-A67A-5C27B3B42C0F}.Release|x86.ActiveCfg = Release|Win32
		{887D82E0-A28A-4BA8-A67A-5C27B3B42C0F}.Release|x86.Build.0 = Release|Win32
		{993616AF-CB7B-4C67-A45F-5D12C5AFEFCA}.Debug|Win32.ActiveCfg = Release
		{993616AF-CB7B-4C67-A45F-5D12C5AFEFCA}.Debug|Win32.Build.0 = Release
		{993616AF-CB7B-4C67-A45F-5D12C5AFEFCA}.Debug|x86.ActiveCfg = Release
		{993616AF-CB7B-4C67-A45F-5D12C5AFEFCA}.Debug|x86.Build.0 = Release
		{993616AF-CB7B-4C67-A45F-5D12C5AFEFCA}.Release|Win32.ActiveCfg = Release
		{993616AF-CB7B-4C67-A45F-5D12C5AFEFCA}.Release|Win32.Build.0 = Release
		{993616AF-CB7B-4C67-A45F-5D12C5AFEFCA}.Release|x86.ActiveCfg = Release
		{993616AF-CB7B-4C67-A45F-5D12C5AFEFCA}.Release|x86.Build.0 = Release
		{202B734F-4DBE-4A53-9A4C-9A76F097CE38}.Debug|Win32.ActiveCfg = Release
		{202B734F-4DBE-4A53-9A4C-9A76F097CE38}.Debug|Win32.Build.0 = Release
		{202B734F-4DBE-4A53-9A4C-9A76F097CE38}.Debug|x86.ActiveCfg = Release
		{202B734F-4DBE-4A53-9A4C-9A76F097CE38}.Debug|x86.Build.0 = Release
		{202B734F-4DBE-4A53-9A4C-9A76F097CE38}.Release|Win32.ActiveCfg = Release
		{202B734F-4DBE-4A53-9A4C-9A76F097CE38}.Release|Win32.Build.0 = Release
		{202B734F-4DBE-4A53-9A4C-9A76F097CE38}.Release|x86.ActiveCfg = Release
		{202B734F-4DBE-4A53-9A4C-9A76F097CE38}.Release|x86.Build.0 = Release
		{A96966CD-15E6-49A1-A792-2304CAE16DDA}.Debug|Win32.ActiveCfg = Release
		{A96966CD-15E6-49A1-A792-2304CAE16DDA}.Debug|Win32.Build.0 = Release
		{A96966CD-15E6-49A1-A792-2304CAE16DDA}.Debug|x86.ActiveCfg = Release
		{A96966CD-15E6-49A1-A792-2304CAE16DDA}.Debug|x86.Build.0 = Release
		{A96966CD-15E6-49A1-A792-2304CAE16DDA}.Release|Win32.ActiveCfg = Release
		{A96966CD-15E6-49A1-A792-2304CAE16DDA}.Release|Win32.Build.0 = Release
		{A96966CD-15E6-49A1-A792-2304CAE16DDA}.Release|x86.ActiveCfg = Release
		{A96966CD-15E6-49A1-A792-2304CAE16DDA}.Release|x86.Build.0 = Release
		{A8D781B7-F199-4D17-BF22-58CB269E2B07}.Debug|Win32.ActiveCfg = Release
		{A8D781B7-F199-4D17-BF22-58CB269E2B07}.Debug|Win32.Build.0 = Release
		{A8D781B7-F199-4D17-BF22-58CB269E2B07}.Debug|x86.ActiveCfg = Release
		{A8D781B7-F199-4D17-BF22-58CB269E2B07}.Debug|x86.Build.0 = Release
		{A8D781B7-F199-4D17-BF22-58CB269E2B07}.Release|Win32.ActiveCfg = Release
		{A8D781B7-F199-4D17-BF22-58CB269E2B07}.Release|Win32.Build.0 = Release
		{A8D781B7-F199-4D17-BF22-58CB269E2B07}.Release|x86.ActiveCfg = Release
		{A8D781B7-F199-4D17-BF22-58CB269E2B07}.Release|x86.Build.0 = Release
		{C97E67DA-99D5-4D72-B543-29CB7411A869}.Debug|Win32.ActiveCfg = Release
		{C97E67DA-99D5-4D72-B543-29CB7411A869}.Debug|Win32.Build.0 = Release
		{C97E67DA-99D5-4D72-B543-29CB7411A869}.Debug|x86.ActiveCfg = Release
		{C97E67DA-99D5-4D72-B543-29CB7411A869}.Debug|x86.Build.0 = Release
		{C97E67DA-99D5-4D72-B543-29CB7411A869}.Release|Win32.ActiveCfg = Release
		{C97E67DA-99D5-4D72-B543-29CB7411A869}.Release|Win32.Build.0 = Release
		{C97E67DA-99D5-4D72-B543-29CB7411A869}.Release|x86.ActiveCfg = Release
		{C97E67DA-99D5-4D72-B543-29CB7411A869}.Release|x86.Build.0 = Release
		{0F32D8BE-063D-4E94-854E-2A98FDA71378}.Debug|Win32.ActiveCfg = Debug
		{0F32D8BE-063D-4E94-854E-2A98FDA71378}.Debug|Win32.Build.0 = Debug
		{0F32D8BE-063D-4E94-854E-2A98FDA71378}.Debug|x86.ActiveCfg = Debug
		{0F32D8BE-063D-4E94-854E-2A98FDA71378}.Debug|x86.Build.0 = Debug
		{0F32D8BE-063D-4E94-854E-2A98FDA71378}.Release|Win32.ActiveCfg = Release
		{0F32D8BE-063D-4E94-854E-2A98FDA71378}.Release|Win32.Build.0 = Release
		{0F32D8BE-063D-4E94-854E-2A98FDA71378}.Release|x86.ActiveCfg = Release
		{0F32D8BE-063D-4E94-854E-2A98FDA71378}.Release|x86.Build.0 = Release
		{9CFD3E0E-940B-41D7-AB0F-C7C08347781D}.Debug|Win32.ActiveCfg = Debug
		{9CFD3E0E-940B-41D7-AB0F-C7C08347781D}.Debug|Win32.Build.0 = Debug
		{9CFD3E0E-940B-41D7-AB0F-C7C08347781D}.Debug|x86.ActiveCfg = Debug
		{9CFD3E0E-940B-41D7-AB0F-C7C08347781D}.Debug|x86.Build.0 = Debug
		{9CFD3E0E-940B-41D7-AB0F-C7C08347781D}.Release|Win32.ActiveCfg = Release
		{9CFD3E0E-940B-41D7-AB0F-C7C08347781D}.Release|Win32.Build.0 = Release
		{9CFD3E0E-940B-41D7-AB0F-C7C08347781D}.Release|x86.ActiveCfg = Release
		{9CFD3E0E-940B-41D7-AB0F-C7C08347781D}.Release|x86.Build.0 = Release
	EndGlobalSection
	GlobalSection(SolutionProperties) = preSolution
		HideSolutionNode = FALSE
	EndGlobalSection
EndGlobal
